
Microsoft Visual Studio Solution File, Format Version 12.00
# Visual Studio Version 17
VisualStudioVersion = 17.14.36623.8 d17.14
MinimumVisualStudioVersion = 10.0.40219.1
Project("{FAE04EC0-301F-11D3-BF4B-00C04F79EFBC}") = "Talor_music", "Talor_music\Talor_music.csproj", "{A25134EB-8581-458C-A6DE-E61C4EC20328}"
EndProject
Global
	GlobalSection(SolutionConfigurationPlatforms) = preSolution
		Debug|Any CPU = Debug|Any CPU
		Release|Any CPU = Release|Any CPU
	EndGlobalSection
	GlobalSection(ProjectConfigurationPlatforms) = postSolution
		{A25134EB-8581-458C-A6DE-E61C4EC20328}.Debug|Any CPU.ActiveCfg = Debug|Any CPU
		{A25134EB-8581-458C-A6DE-E61C4EC20328}.Debug|Any CPU.Build.0 = Debug|Any CPU
		{A25134EB-8581-458C-A6DE-E61C4EC20328}.Release|Any CPU.ActiveCfg = Release|Any CPU
		{A25134EB-8581-458C-A6DE-E61C4EC20328}.Release|Any CPU.Build.0 = Release|Any CPU
	EndGlobalSection
	GlobalSection(SolutionProperties) = preSolution
		HideSolutionNode = FALSE
	EndGlobalSection
	GlobalSection(ExtensibilityGlobals) = postSolution
		SolutionGuid = {5C1635EE-0C25-4A1D-B0AD-3BD239F81D19}
	EndGlobalSection
EndGlobal
